
Microsoft Visual Studio Solution File, Format Version 12.00
# Visual Studio Version 16
VisualStudioVersion = 16.0.30503.244
MinimumVisualStudioVersion = 10.0.40219.1
Project("{9A19103F-16F7-4668-BE54-9A1E7A4F7556}") = "Assignment1_WorkerService", "Assignment1_WorkerService\Assignment1_WorkerService.csproj", "{E7F692B4-C1B0-43B9-8F9A-EE6A353DB209}"
EndProject
Project("{9A19103F-16F7-4668-BE54-9A1E7A4F7556}") = "InlämningsUppgift_1", "InlämningsUppgift_1\InlämningsUppgift_1.csproj", "{90A0DC62-BC3E-435D-BCFC-4E2EAB04C0B4}"
EndProject
Project("{9A19103F-16F7-4668-BE54-9A1E7A4F7556}") = "Uppgift_2", "Uppgift_2\Uppgift_2.csproj", "{554109B3-D783-44CD-835C-7E8E98FFC9D1}"
EndProject
Project("{9A19103F-16F7-4668-BE54-9A1E7A4F7556}") = "Uppgift3_iothubb", "Uppgift3_iothubb\Uppgift3_iothubb.csproj", "{9CF98041-F0C7-489B-B9CE-313B40C80F0B}"
EndProject
Project("{9A19103F-16F7-4668-BE54-9A1E7A4F7556}") = "SharedLibraries", "SharedLibraries\SharedLibraries.csproj", "{DAE89E63-2E3B-4DB9-A2F1-649E65A6645A}"
EndProject
Project("{9A19103F-16F7-4668-BE54-9A1E7A4F7556}") = "Uppgift3_1", "Uppgift3_1\Uppgift3_1.csproj", "{5640317B-73BE-433B-9055-7C87B8E32A81}"
EndProject
Project("{FAE04EC0-301F-11D3-BF4B-00C04F79EFBC}") = "AzureFunctions", "AzureFunctions\AzureFunctions.csproj", "{2CBAB6D8-4C3F-4456-9402-66069CDE953F}"
EndProject
Global
	GlobalSection(SolutionConfigurationPlatforms) = preSolution
		Debug|Any CPU = Debug|Any CPU
		Release|Any CPU = Release|Any CPU
	EndGlobalSection
	GlobalSection(ProjectConfigurationPlatforms) = postSolution
		{E7F692B4-C1B0-43B9-8F9A-EE6A353DB209}.Debug|Any CPU.ActiveCfg = Debug|Any CPU
		{E7F692B4-C1B0-43B9-8F9A-EE6A353DB209}.Debug|Any CPU.Build.0 = Debug|Any CPU
		{E7F692B4-C1B0-43B9-8F9A-EE6A353DB209}.Release|Any CPU.ActiveCfg = Release|Any CPU
		{E7F692B4-C1B0-43B9-8F9A-EE6A353DB209}.Release|Any CPU.Build.0 = Release|Any CPU
		{90A0DC62-BC3E-435D-BCFC-4E2EAB04C0B4}.Debug|Any CPU.ActiveCfg = Debug|Any CPU
		{90A0DC62-BC3E-435D-BCFC-4E2EAB04C0B4}.Debug|Any CPU.Build.0 = Debug|Any CPU
		{90A0DC62-BC3E-435D-BCFC-4E2EAB04C0B4}.Release|Any CPU.ActiveCfg = Release|Any CPU
		{90A0DC62-BC3E-435D-BCFC-4E2EAB04C0B4}.Release|Any CPU.Build.0 = Release|Any CPU
		{554109B3-D783-44CD-835C-7E8E98FFC9D1}.Debug|Any CPU.ActiveCfg = Debug|Any CPU
		{554109B3-D783-44CD-835C-7E8E98FFC9D1}.Debug|Any CPU.Build.0 = Debug|Any CPU
		{554109B3-D783-44CD-835C-7E8E98FFC9D1}.Release|Any CPU.ActiveCfg = Release|Any CPU
		{554109B3-D783-44CD-835C-7E8E98FFC9D1}.Release|Any CPU.Build.0 = Release|Any CPU
		{9CF98041-F0C7-489B-B9CE-313B40C80F0B}.Debug|Any CPU.ActiveCfg = Debug|Any CPU
		{9CF98041-F0C7-489B-B9CE-313B40C80F0B}.Debug|Any CPU.Build.0 = Debug|Any CPU
		{9CF98041-F0C7-489B-B9CE-313B40C80F0B}.Release|Any CPU.ActiveCfg = Release|Any CPU
		{9CF98041-F0C7-489B-B9CE-313B40C80F0B}.Release|Any CPU.Build.0 = Release|Any CPU
		{DAE89E63-2E3B-4DB9-A2F1-649E65A6645A}.Debug|Any CPU.ActiveCfg = Debug|Any CPU
		{DAE89E63-2E3B-4DB9-A2F1-649E65A6645A}.Debug|Any CPU.Build.0 = Debug|Any CPU
		{DAE89E63-2E3B-4DB9-A2F1-649E65A6645A}.Release|Any CPU.ActiveCfg = Release|Any CPU
		{DAE89E63-2E3B-4DB9-A2F1-649E65A6645A}.Release|Any CPU.Build.0 = Release|Any CPU
		{5640317B-73BE-433B-9055-7C87B8E32A81}.Debug|Any CPU.ActiveCfg = Debug|Any CPU
		{5640317B-73BE-433B-9055-7C87B8E32A81}.Debug|Any CPU.Build.0 = Debug|Any CPU
		{5640317B-73BE-433B-9055-7C87B8E32A81}.Release|Any CPU.ActiveCfg = Release|Any CPU
		{5640317B-73BE-433B-9055-7C87B8E32A81}.Release|Any CPU.Build.0 = Release|Any CPU
		{2CBAB6D8-4C3F-4456-9402-66069CDE953F}.Debug|Any CPU.ActiveCfg = Debug|Any CPU
		{2CBAB6D8-4C3F-4456-9402-66069CDE953F}.Debug|Any CPU.Build.0 = Debug|Any CPU
		{2CBAB6D8-4C3F-4456-9402-66069CDE953F}.Release|Any CPU.ActiveCfg = Release|Any CPU
		{2CBAB6D8-4C3F-4456-9402-66069CDE953F}.Release|Any CPU.Build.0 = Release|Any CPU
	EndGlobalSection
	GlobalSection(SolutionProperties) = preSolution
		HideSolutionNode = FALSE
	EndGlobalSection
	GlobalSection(ExtensibilityGlobals) = postSolution
		SolutionGuid = {19005F55-8E35-4538-AAFC-0ADE959F6C11}
	EndGlobalSection
EndGlobal
